
Microsoft Visual Studio Solution File, Format Version 12.00
# Visual Studio Version 17
VisualStudioVersion = 17.0.31903.59
MinimumVisualStudioVersion = 10.0.40219.1
Project("{FAE04EC0-301F-11D3-BF4B-00C04F79EFBC}") = "LogisticsManagerAPI", "LogisticsManagerAPI\LogisticsManagerAPI.csproj", "{59D15BC8-F328-4BC7-BE9B-F767CD1392DF}"
EndProject
Global
	GlobalSection(SolutionConfigurationPlatforms) = preSolution
		Debug|Any CPU = Debug|Any CPU
		Release|Any CPU = Release|Any CPU
	EndGlobalSection
	GlobalSection(SolutionProperties) = preSolution
		HideSolutionNode = FALSE
	EndGlobalSection
	GlobalSection(ProjectConfigurationPlatforms) = postSolution
		{59D15BC8-F328-4BC7-BE9B-F767CD1392DF}.Debug|Any CPU.ActiveCfg = Debug|Any CPU
		{59D15BC8-F328-4BC7-BE9B-F767CD1392DF}.Debug|Any CPU.Build.0 = Debug|Any CPU
		{59D15BC8-F328-4BC7-BE9B-F767CD1392DF}.Release|Any CPU.ActiveCfg = Release|Any CPU
		{59D15BC8-F328-4BC7-BE9B-F767CD1392DF}.Release|Any CPU.Build.0 = Release|Any CPU
	EndGlobalSection
EndGlobal
